<?xml version="1.0" encoding="utf-8"?>
<Project ToolsVersion="4.0" xmlns="http://schemas.microsoft.com/developer/msbuild/2003">
  <ItemGroup>
    <Filter Include="Source Files">
      <UniqueIdentifier>{4FC737F1-C7A5-4376-A066-2A32D752A2FF}</UniqueIdentifier>
      <Extensions>cpp;c;cc;cxx;def;odl;idl;hpj;bat;asm;asmx</Extensions>
    </Filter>
    <Filter Include="Header Files">
      <UniqueIdentifier>{93995380-89BD-4b04-88EB-625FBE52EBFB}</UniqueIdentifier>
      <Extensions>h;hpp;hxx;hm;inl;inc;xsd</Extensions>
    </Filter>
    <Filter Include="Resource Files">
      <UniqueIdentifier>{67DA6AB6-F800-4c08-8B7A-83BB121AAD01}</UniqueIdentifier>
      <Extensions>rc;ico;cur;bmp;dlg;rc2;rct;bin;rgs;gif;jpg;jpeg;jpe;resx;tiff;tif;png;wav;mfcribbon-ms</Extensions>
    </Filter>
  </ItemGroup>
  <ItemGroup>
    <ClCompile Include="demo01_sort-list.cpp">
      <Filter>Source Files</Filter>
    </ClCompile>
    <ClCompile Include="demo02_reverse-integer.cpp">
      <Filter>Source Files</Filter>
    </ClCompile>
    <ClCompile Include="demo03_single-number.cpp">
      <Filter>Source Files</Filter>
    </ClCompile>
    <ClCompile Include="demo04_best-time-to-buy-and-sell-stock-ii.cpp">
      <Filter>Source Files</Filter>
    </ClCompile>
    <ClCompile Include="demo05_container-with-most-water.cpp">
      <Filter>Source Files</Filter>
    </ClCompile>
    <ClCompile Include="demo06_integer-to-roman.cpp">
      <Filter>Source Files</Filter>
    </ClCompile>
    <ClCompile Include="demo07_linked-list-cycle.cpp">
      <Filter>Source Files</Filter>
    </ClCompile>
    <ClCompile Include="demo08_populating-next-right-pointers-in-each-node.cpp">
      <Filter>Source Files</Filter>
    </ClCompile>
    <ClCompile Include="demo09_palindrome-number.cpp">
      <Filter>Source Files</Filter>
    </ClCompile>
    <ClCompile Include="demo10_unique-binary-search-trees.cpp">
      <Filter>Source Files</Filter>
    </ClCompile>
    <ClCompile Include="demo11_maximum-subarray.cpp">
      <Filter>Source Files</Filter>
    </ClCompile>
    <ClCompile Include="demo12_best-time-to-buy-and-sell-stock.cpp">
      <Filter>Source Files</Filter>
    </ClCompile>
    <ClCompile Include="demo13_rotate-image.cpp">
      <Filter>Source Files</Filter>
    </ClCompile>
    <ClCompile Include="demo14_search-insert-position.cpp">
      <Filter>Source Files</Filter>
    </ClCompile>
    <ClCompile Include="demo15_climbing-stairs.cpp">
      <Filter>Source Files</Filter>
    </ClCompile>
    <ClCompile Include="demo16_balanced-binary-tree.cpp">
      <Filter>Source Files</Filter>
    </ClCompile>
    <ClCompile Include="demo17_binary-inorder-traversal.cpp">
      <Filter>Source Files</Filter>
    </ClCompile>
    <ClCompile Include="demo18_single-number-ii.cpp">
      <Filter>Source Files</Filter>
    </ClCompile>
  </ItemGroup>
</Project>